
Microsoft Visual Studio Solution File, Format Version 12.00
# Visual Studio Version 17
VisualStudioVersion = 17.1.32210.238
MinimumVisualStudioVersion = 10.0.40219.1
Project("{FAE04EC0-301F-11D3-BF4B-00C04F79EFBC}") = "SenderApi", "SenderApi\SenderApi.csproj", "{464FBE6A-9EF0-4A42-837C-6CB95654C2E9}"
EndProject
Project("{FAE04EC0-301F-11D3-BF4B-00C04F79EFBC}") = "Receiver1Api", "Receiver1Api\Receiver1Api.csproj", "{24E6EF71-5390-41A4-927E-5D338547C3BB}"
EndProject
Project("{E53339B2-1760-4266-BCC7-CA923CBCF16C}") = "docker-compose", "docker-compose.dcproj", "{390AD421-42E9-4448-A94C-DC9F9ECFF953}"
EndProject
Global
	GlobalSection(SolutionConfigurationPlatforms) = preSolution
		Debug|Any CPU = Debug|Any CPU
		Release|Any CPU = Release|Any CPU
	EndGlobalSection
	GlobalSection(ProjectConfigurationPlatforms) = postSolution
		{464FBE6A-9EF0-4A42-837C-6CB95654C2E9}.Debug|Any CPU.ActiveCfg = Debug|Any CPU
		{464FBE6A-9EF0-4A42-837C-6CB95654C2E9}.Debug|Any CPU.Build.0 = Debug|Any CPU
		{464FBE6A-9EF0-4A42-837C-6CB95654C2E9}.Release|Any CPU.ActiveCfg = Release|Any CPU
		{464FBE6A-9EF0-4A42-837C-6CB95654C2E9}.Release|Any CPU.Build.0 = Release|Any CPU
		{24E6EF71-5390-41A4-927E-5D338547C3BB}.Debug|Any CPU.ActiveCfg = Debug|Any CPU
		{24E6EF71-5390-41A4-927E-5D338547C3BB}.Debug|Any CPU.Build.0 = Debug|Any CPU
		{24E6EF71-5390-41A4-927E-5D338547C3BB}.Release|Any CPU.ActiveCfg = Release|Any CPU
		{24E6EF71-5390-41A4-927E-5D338547C3BB}.Release|Any CPU.Build.0 = Release|Any CPU
		{390AD421-42E9-4448-A94C-DC9F9ECFF953}.Debug|Any CPU.ActiveCfg = Debug|Any CPU
		{390AD421-42E9-4448-A94C-DC9F9ECFF953}.Debug|Any CPU.Build.0 = Debug|Any CPU
		{390AD421-42E9-4448-A94C-DC9F9ECFF953}.Release|Any CPU.ActiveCfg = Release|Any CPU
		{390AD421-42E9-4448-A94C-DC9F9ECFF953}.Release|Any CPU.Build.0 = Release|Any CPU
	EndGlobalSection
	GlobalSection(SolutionProperties) = preSolution
		HideSolutionNode = FALSE
	EndGlobalSection
	GlobalSection(ExtensibilityGlobals) = postSolution
		SolutionGuid = {A14E7614-E821-495E-A855-33BC889CA286}
	EndGlobalSection
EndGlobal
